
Microsoft Visual Studio Solution File, Format Version 12.00
# Visual Studio Version 16
VisualStudioVersion = 16.0.30804.86
MinimumVisualStudioVersion = 10.0.40219.1
Project("{2150E333-8FDC-42A3-9474-1A3956D46DE8}") = "tests", "tests", "{2B7C2BB9-A1B8-4CEA-B159-E76433EA4457}"
EndProject
Project("{9A19103F-16F7-4668-BE54-9A1E7A4F7556}") = "WordleAPI", "src\WordleAPI\WordleAPI.csproj", "{2F641C10-14E0-4F3D-A24F-B9A4D7A0A1EB}"
EndProject
Project("{9A19103F-16F7-4668-BE54-9A1E7A4F7556}") = "WordleAPI.Repositories", "src\WordleAPI.Repositories\WordleAPI.Repositories.csproj", "{3D9D0B66-2AAF-4C9A-ACDE-B0F219603437}"
EndProject
Project("{9A19103F-16F7-4668-BE54-9A1E7A4F7556}") = "WordleAPI.UnitTests", "tests\WordleAPI.UnitTests\WordleAPI.UnitTests.csproj", "{17D8C2F3-9A56-4783-A803-F49377C1961A}"
EndProject
Project("{FAE04EC0-301F-11D3-BF4B-00C04F79EFBC}") = "WordleAPI.BLL", "WordleAPI.BLL\WordleAPI.BLL.csproj", "{0C11DC30-EF21-47A1-B529-BD79D2069E13}"
EndProject
Project("{FAE04EC0-301F-11D3-BF4B-00C04F79EFBC}") = "WordleAPI.Models", "WordleAPI.Models\WordleAPI.Models.csproj", "{2F7D603E-7C81-4453-ABBC-2616E9F02D62}"
EndProject
Global
	GlobalSection(SolutionConfigurationPlatforms) = preSolution
		Debug|Any CPU = Debug|Any CPU
		Release|Any CPU = Release|Any CPU
	EndGlobalSection
	GlobalSection(ProjectConfigurationPlatforms) = postSolution
		{2F641C10-14E0-4F3D-A24F-B9A4D7A0A1EB}.Debug|Any CPU.ActiveCfg = Debug|Any CPU
		{2F641C10-14E0-4F3D-A24F-B9A4D7A0A1EB}.Debug|Any CPU.Build.0 = Debug|Any CPU
		{2F641C10-14E0-4F3D-A24F-B9A4D7A0A1EB}.Release|Any CPU.ActiveCfg = Release|Any CPU
		{2F641C10-14E0-4F3D-A24F-B9A4D7A0A1EB}.Release|Any CPU.Build.0 = Release|Any CPU
		{3D9D0B66-2AAF-4C9A-ACDE-B0F219603437}.Debug|Any CPU.ActiveCfg = Debug|Any CPU
		{3D9D0B66-2AAF-4C9A-ACDE-B0F219603437}.Debug|Any CPU.Build.0 = Debug|Any CPU
		{3D9D0B66-2AAF-4C9A-ACDE-B0F219603437}.Release|Any CPU.ActiveCfg = Release|Any CPU
		{3D9D0B66-2AAF-4C9A-ACDE-B0F219603437}.Release|Any CPU.Build.0 = Release|Any CPU
		{17D8C2F3-9A56-4783-A803-F49377C1961A}.Debug|Any CPU.ActiveCfg = Debug|Any CPU
		{17D8C2F3-9A56-4783-A803-F49377C1961A}.Debug|Any CPU.Build.0 = Debug|Any CPU
		{17D8C2F3-9A56-4783-A803-F49377C1961A}.Release|Any CPU.ActiveCfg = Release|Any CPU
		{17D8C2F3-9A56-4783-A803-F49377C1961A}.Release|Any CPU.Build.0 = Release|Any CPU
		{0C11DC30-EF21-47A1-B529-BD79D2069E13}.Debug|Any CPU.ActiveCfg = Debug|Any CPU
		{0C11DC30-EF21-47A1-B529-BD79D2069E13}.Debug|Any CPU.Build.0 = Debug|Any CPU
		{0C11DC30-EF21-47A1-B529-BD79D2069E13}.Release|Any CPU.ActiveCfg = Release|Any CPU
		{0C11DC30-EF21-47A1-B529-BD79D2069E13}.Release|Any CPU.Build.0 = Release|Any CPU
		{2F7D603E-7C81-4453-ABBC-2616E9F02D62}.Debug|Any CPU.ActiveCfg = Debug|Any CPU
		{2F7D603E-7C81-4453-ABBC-2616E9F02D62}.Debug|Any CPU.Build.0 = Debug|Any CPU
		{2F7D603E-7C81-4453-ABBC-2616E9F02D62}.Release|Any CPU.ActiveCfg = Release|Any CPU
		{2F7D603E-7C81-4453-ABBC-2616E9F02D62}.Release|Any CPU.Build.0 = Release|Any CPU
	EndGlobalSection
	GlobalSection(SolutionProperties) = preSolution
		HideSolutionNode = FALSE
	EndGlobalSection
	GlobalSection(NestedProjects) = preSolution
		{17D8C2F3-9A56-4783-A803-F49377C1961A} = {2B7C2BB9-A1B8-4CEA-B159-E76433EA4457}
	EndGlobalSection
	GlobalSection(ExtensibilityGlobals) = postSolution
		SolutionGuid = {E3ED889A-2A6D-47DA-A31E-07A9D48DD7A7}
	EndGlobalSection
EndGlobal
